{
	"name": "salient-lang",
	"version": "0.0.0",
	"lockfileVersion": 3,
	"requires": true,
	"packages": {
		"": {
			"name": "salient-lang",
			"version": "0.0.0",
			"license": "MIT",
			"dependencies": {
				"getopts": "^2.3.0"
			},
			"bin": {
				"salient": "bin/compiler/index.js"
			},
			"engines": {
				"node": ">=15"
			}
		},
		"node_modules/getopts": {
			"version": "2.3.0",
			"resolved": "https://registry.npmjs.org/getopts/-/getopts-2.3.0.tgz",
			"integrity": "sha512-5eDf9fuSXwxBL6q5HX+dhDj+dslFGWzU5thZ9kNKUkcPtaPdatmUFKwHFrLb/uf/WpA4BHET+AX3Scl56cAjpA=="
		}
	}
}
